// !$*UTF8*$!
{
	archiveVersion = 1;
	classes = {
	};
	objectVersion = 46;
	objects = {

/* Begin PBXBuildFile section */
		FB6CA08A1BD8378300F8D55B /* AppDelegate.swift in Sources */ = {isa = PBXBuildFile; fileRef = FB6CA0891BD8378300F8D55B /* AppDelegate.swift */; };
		FB6CA08C1BD8378300F8D55B /* ViewController.swift in Sources */ = {isa = PBXBuildFile; fileRef = FB6CA08B1BD8378300F8D55B /* ViewController.swift */; };
		FB6CA08F1BD8378300F8D55B /* Main.storyboard in Resources */ = {isa = PBXBuildFile; fileRef = FB6CA08D1BD8378300F8D55B /* Main.storyboard */; };
		FB6CA0911BD8378300F8D55B /* Assets.xcassets in Resources */ = {isa = PBXBuildFile; fileRef = FB6CA0901BD8378300F8D55B /* Assets.xcassets */; };
		FB6CA0941BD8378300F8D55B /* LaunchScreen.storyboard in Resources */ = {isa = PBXBuildFile; fileRef = FB6CA0921BD8378300F8D55B /* LaunchScreen.storyboard */; };
		FB6CA09F1BD8378300F8D55B /* iOS_CITests.swift in Sources */ = {isa = PBXBuildFile; fileRef = FB6CA09E1BD8378300F8D55B /* iOS_CITests.swift */; };
		FB6CA0AA1BD8378300F8D55B /* iOS_CIUITests.swift in Sources */ = {isa = PBXBuildFile; fileRef = FB6CA0A91BD8378300F8D55B /* iOS_CIUITests.swift */; };
/* End PBXBuildFile section */

/* Begin PBXContainerItemProxy section */
		FB6CA09B1BD8378300F8D55B /* PBXContainerItemProxy */ = {
			isa = PBXContainerItemProxy;
			containerPortal = FB6CA07E1BD8378300F8D55B /* Project object */;
			proxyType = 1;
			remoteGlobalIDString = FB6CA0851BD8378300F8D55B;
			remoteInfo = "iOS-CI";
		};
		FB6CA0A61BD8378300F8D55B /* PBXContainerItemProxy */ = {
			isa = PBXContainerItemProxy;
			containerPortal = FB6CA07E1BD8378300F8D55B /* Project object */;
			proxyType = 1;
			remoteGlobalIDString = FB6CA0851BD8378300F8D55B;
			remoteInfo = "iOS-CI";
		};
/* End PBXContainerItemProxy section */

/* Begin PBXFileReference section */
		FB6CA0861BD8378300F8D55B /* iOS-CI.app */ = {isa = PBXFileReference; explicitFileType = wrapper.application; includeInIndex = 0; path = "iOS-CI.app"; sourceTree = BUILT_PRODUCTS_DIR; };
		FB6CA0891BD8378300F8D55B /* AppDelegate.swift */ = {isa = PBXFileReference; lastKnownFileType = sourcecode.swift; path = AppDelegate.swift; sourceTree = "<group>"; };
		FB6CA08B1BD8378300F8D55B /* ViewController.swift */ = {isa = PBXFileReference; lastKnownFileType = sourcecode.swift; path = ViewController.swift; sourceTree = "<group>"; };
		FB6CA08E1BD8378300F8D55B /* Base */ = {isa = PBXFileReference; lastKnownFileType = file.storyboard; name = Base; path = Base.lproj/Main.storyboard; sourceTree = "<group>"; };
		FB6CA0901BD8378300F8D55B /* Assets.xcassets */ = {isa = PBXFileReference; lastKnownFileType = folder.assetcatalog; path = Assets.xcassets; sourceTree = "<group>"; };
		FB6CA0931BD8378300F8D55B /* Base */ = {isa = PBXFileReference; lastKnownFileType = file.storyboard; name = Base; path = Base.lproj/LaunchScreen.storyboard; sourceTree = "<group>"; };
		FB6CA0951BD8378300F8D55B /* Info.plist */ = {isa = PBXFileReference; lastKnownFileType = text.plist.xml; path = Info.plist; sourceTree = "<group>"; };
		FB6CA09A1BD8378300F8D55B /* iOS-CITests.xctest */ = {isa = PBXFileReference; explicitFileType = wrapper.cfbundle; includeInIndex = 0; path = "iOS-CITests.xctest"; sourceTree = BUILT_PRODUCTS_DIR; };
		FB6CA09E1BD8378300F8D55B /* iOS_CITests.swift */ = {isa = PBXFileReference; lastKnownFileType = sourcecode.swift; path = iOS_CITests.swift; sourceTree = "<group>"; };
		FB6CA0A01BD8378300F8D55B /* Info.plist */ = {isa = PBXFileReference; lastKnownFileType = text.plist.xml; path = Info.plist; sourceTree = "<group>"; };
		FB6CA0A51BD8378300F8D55B /* iOS-CIUITests.xctest */ = {isa = PBXFileReference; explicitFileType = wrapper.cfbundle; includeInIndex = 0; path = "iOS-CIUITests.xctest"; sourceTree = BUILT_PRODUCTS_DIR; };
		FB6CA0A91BD8378300F8D55B /* iOS_CIUITests.swift */ = {isa = PBXFileReference; lastKnownFileType = sourcecode.swift; path = iOS_CIUITests.swift; sourceTree = "<group>"; };
		FB6CA0AB1BD8378300F8D55B /* Info.plist */ = {isa = PBXFileReference; lastKnownFileType = text.plist.xml; path = Info.plist; sourceTree = "<group>"; };
/* End PBXFileReference section */

/* Begin PBXFrameworksBuildPhase section */
		FB6CA0831BD8378300F8D55B /* Frameworks */ = {
			isa = PBXFrameworksBuildPhase;
			buildActionMask = 2147483647;
			files = (
			);
			runOnlyForDeploymentPostprocessing = 0;
		};
		FB6CA0971BD8378300F8D55B /* Frameworks */ = {
			isa = PBXFrameworksBuildPhase;
			buildActionMask = 2147483647;
			files = (
			);
			runOnlyForDeploymentPostprocessing = 0;
		};
		FB6CA0A21BD8378300F8D55B /* Frameworks */ = {
			isa = PBXFrameworksBuildPhase;
			buildActionMask = 2147483647;
			files = (
			);
			runOnlyForDeploymentPostprocessing = 0;
		};
/* End PBXFrameworksBuildPhase section */

/* Begin PBXGroup section */
		FB6CA07D1BD8378300F8D55B = {
			isa = PBXGroup;
			children = (
				FB6CA0881BD8378300F8D55B /* iOS-CI */,
				FB6CA09D1BD8378300F8D55B /* iOS-CITests */,
				FB6CA0A81BD8378300F8D55B /* iOS-CIUITests */,
				FB6CA0871BD8378300F8D55B /* Products */,
			);
			sourceTree = "<group>";
		};
		FB6CA0871BD8378300F8D55B /* Products */ = {
			isa = PBXGroup;
			children = (
				FB6CA0861BD8378300F8D55B /* iOS-CI.app */,
				FB6CA09A1BD8378300F8D55B /* iOS-CITests.xctest */,
				FB6CA0A51BD8378300F8D55B /* iOS-CIUITests.xctest */,
			);
			name = Products;
			sourceTree = "<group>";
		};
		FB6CA0881BD8378300F8D55B /* iOS-CI */ = {
			isa = PBXGroup;
			children = (
				FB6CA0891BD8378300F8D55B /* AppDelegate.swift */,
				FB6CA08B1BD8378300F8D55B /* ViewController.swift */,
				FB6CA08D1BD8378300F8D55B /* Main.storyboard */,
				FB6CA0901BD8378300F8D55B /* Assets.xcassets */,
				FB6CA0921BD8378300F8D55B /* LaunchScreen.storyboard */,
				FB6CA0951BD8378300F8D55B /* Info.plist */,
			);
			path = "iOS-CI";
			sourceTree = "<group>";
		};
		FB6CA09D1BD8378300F8D55B /* iOS-CITests */ = {
			isa = PBXGroup;
			children = (
				FB6CA09E1BD8378300F8D55B /* iOS_CITests.swift */,
				FB6CA0A01BD8378300F8D55B /* Info.plist */,
			);
			path = "iOS-CITests";
			sourceTree = "<group>";
		};
		FB6CA0A81BD8378300F8D55B /* iOS-CIUITests */ = {
			isa = PBXGroup;
			children = (
				FB6CA0A91BD8378300F8D55B /* iOS_CIUITests.swift */,
				FB6CA0AB1BD8378300F8D55B /* Info.plist */,
			);
			path = "iOS-CIUITests";
			sourceTree = "<group>";
		};
/* End PBXGroup section */

/* Begin PBXNativeTarget section */
		FB6CA0851BD8378300F8D55B /* iOS-CI */ = {
			isa = PBXNativeTarget;
			buildConfigurationList = FB6CA0AE1BD8378300F8D55B /* Build configuration list for PBXNativeTarget "iOS-CI" */;
			buildPhases = (
				FB6CA0821BD8378300F8D55B /* Sources */,
				FB6CA0831BD8378300F8D55B /* Frameworks */,
				FB6CA0841BD8378300F8D55B /* Resources */,
			);
			buildRules = (
			);
			dependencies = (
			);
			name = "iOS-CI";
			productName = "iOS-CI";
			productReference = FB6CA0861BD8378300F8D55B /* iOS-CI.app */;
			productType = "com.apple.product-type.application";
		};
		FB6CA0991BD8378300F8D55B /* iOS-CITests */ = {
			isa = PBXNativeTarget;
			buildConfigurationList = FB6CA0B11BD8378300F8D55B /* Build configuration list for PBXNativeTarget "iOS-CITests" */;
			buildPhases = (
				FB6CA0961BD8378300F8D55B /* Sources */,
				FB6CA0971BD8378300F8D55B /* Frameworks */,
				FB6CA0981BD8378300F8D55B /* Resources */,
			);
			buildRules = (
			);
			dependencies = (
				FB6CA09C1BD8378300F8D55B /* PBXTargetDependency */,
			);
			name = "iOS-CITests";
			productName = "iOS-CITests";
			productReference = FB6CA09A1BD8378300F8D55B /* iOS-CITests.xctest */;
			productType = "com.apple.product-type.bundle.unit-test";
		};
		FB6CA0A41BD8378300F8D55B /* iOS-CIUITests */ = {
			isa = PBXNativeTarget;
			buildConfigurationList = FB6CA0B41BD8378300F8D55B /* Build configuration list for PBXNativeTarget "iOS-CIUITests" */;
			buildPhases = (
				FB6CA0A11BD8378300F8D55B /* Sources */,
				FB6CA0A21BD8378300F8D55B /* Frameworks */,
				FB6CA0A31BD8378300F8D55B /* Resources */,
			);
			buildRules = (
			);
			dependencies = (
				FB6CA0A71BD8378300F8D55B /* PBXTargetDependency */,
			);
			name = "iOS-CIUITests";
			productName = "iOS-CIUITests";
			productReference = FB6CA0A51BD8378300F8D55B /* iOS-CIUITests.xctest */;
			productType = "com.apple.product-type.bundle.ui-testing";
		};
/* End PBXNativeTarget section */

/* Begin PBXProject section */
		FB6CA07E1BD8378300F8D55B /* Project object */ = {
			isa = PBXProject;
			attributes = {
				LastUpgradeCheck = 0700;
				ORGANIZATIONNAME = Credera;
				TargetAttributes = {
					FB6CA0851BD8378300F8D55B = {
						CreatedOnToolsVersion = 7.0.1;
					};
					FB6CA0991BD8378300F8D55B = {
						CreatedOnToolsVersion = 7.0.1;
						TestTargetID = FB6CA0851BD8378300F8D55B;
					};
					FB6CA0A41BD8378300F8D55B = {
						CreatedOnToolsVersion = 7.0.1;
						TestTargetID = FB6CA0851BD8378300F8D55B;
					};
				};
			};
			buildConfigurationList = FB6CA0811BD8378300F8D55B /* Build configuration list for PBXProject "iOS-CI" */;
			compatibilityVersion = "Xcode 3.2";
			developmentRegion = English;
			hasScannedForEncodings = 0;
			knownRegions = (
				en,
				Base,
			);
			mainGroup = FB6CA07D1BD8378300F8D55B;
			productRefGroup = FB6CA0871BD8378300F8D55B /* Products */;
			projectDirPath = "";
			projectRoot = "";
			targets = (
				FB6CA0851BD8378300F8D55B /* iOS-CI */,
				FB6CA0991BD8378300F8D55B /* iOS-CITests */,
				FB6CA0A41BD8378300F8D55B /* iOS-CIUITests */,
			);
		};
/* End PBXProject section */

/* Begin PBXResourcesBuildPhase section */
		FB6CA0841BD8378300F8D55B /* Resources */ = {
			isa = PBXResourcesBuildPhase;
			buildActionMask = 2147483647;
			files = (
				FB6CA0941BD8378300F8D55B /* LaunchScreen.storyboard in Resources */,
				FB6CA0911BD8378300F8D55B /* Assets.xcassets in Resources */,
				FB6CA08F1BD8378300F8D55B /* Main.storyboard in Resources */,
			);
			runOnlyForDeploymentPostprocessing = 0;
		};
		FB6CA0981BD8378300F8D55B /* Resources */ = {
			isa = PBXResourcesBuildPhase;
			buildActionMask = 2147483647;
			files = (
			);
			runOnlyForDeploymentPostprocessing = 0;
		};
		FB6CA0A31BD8378300F8D55B /* Resources */ = {
			isa = PBXResourcesBuildPhase;
			buildActionMask = 2147483647;
			files = (
			);
			runOnlyForDeploymentPostprocessing = 0;
		};
/* End PBXResourcesBuildPhase section */

/* Begin PBXSourcesBuildPhase section */
		FB6CA0821BD8378300F8D55B /* Sources */ = {
			isa = PBXSourcesBuildPhase;
			buildActionMask = 2147483647;
			files = (
				FB6CA08C1BD8378300F8D55B /* ViewController.swift in Sources */,
				FB6CA08A1BD8378300F8D55B /* AppDelegate.swift in Sources */,
			);
			runOnlyForDeploymentPostprocessing = 0;
		};
		FB6CA0961BD8378300F8D55B /* Sources */ = {
			isa = PBXSourcesBuildPhase;
			buildActionMask = 2147483647;
			files = (
				FB6CA09F1BD8378300F8D55B /* iOS_CITests.swift in Sources */,
			);
			runOnlyForDeploymentPostprocessing = 0;
		};
		FB6CA0A11BD8378300F8D55B /* Sources */ = {
			isa = PBXSourcesBuildPhase;
			buildActionMask = 2147483647;
			files = (
				FB6CA0AA1BD8378300F8D55B /* iOS_CIUITests.swift in Sources */,
			);
			runOnlyForDeploymentPostprocessing = 0;
		};
/* End PBXSourcesBuildPhase section */

/* Begin PBXTargetDependency section */
		FB6CA09C1BD8378300F8D55B /* PBXTargetDependency */ = {
			isa = PBXTargetDependency;
			target = FB6CA0851BD8378300F8D55B /* iOS-CI */;
			targetProxy = FB6CA09B1BD8378300F8D55B /* PBXContainerItemProxy */;
		};
		FB6CA0A71BD8378300F8D55B /* PBXTargetDependency */ = {
			isa = PBXTargetDependency;
			target = FB6CA0851BD8378300F8D55B /* iOS-CI */;
			targetProxy = FB6CA0A61BD8378300F8D55B /* PBXContainerItemProxy */;
		};
/* End PBXTargetDependency section */

/* Begin PBXVariantGroup section */
		FB6CA08D1BD8378300F8D55B /* Main.storyboard */ = {
			isa = PBXVariantGroup;
			children = (
				FB6CA08E1BD8378300F8D55B /* Base */,
			);
			name = Main.storyboard;
			sourceTree = "<group>";
		};
		FB6CA0921BD8378300F8D55B /* LaunchScreen.storyboard */ = {
			isa = PBXVariantGroup;
			children = (
				FB6CA0931BD8378300F8D55B /* Base */,
			);
			name = LaunchScreen.storyboard;
			sourceTree = "<group>";
		};
/* End PBXVariantGroup section */

/* Begin XCBuildConfiguration section */
		FB6CA0AC1BD8378300F8D55B /* Debug */ = {
			isa = XCBuildConfiguration;
			buildSettings = {
				ALWAYS_SEARCH_USER_PATHS = NO;
				CLANG_CXX_LANGUAGE_STANDARD = "gnu++0x";
				CLANG_CXX_LIBRARY = "libc++";
				CLANG_ENABLE_MODULES = YES;
				CLANG_ENABLE_OBJC_ARC = YES;
				CLANG_WARN_BOOL_CONVERSION = YES;
				CLANG_WARN_CONSTANT_CONVERSION = YES;
				CLANG_WARN_DIRECT_OBJC_ISA_USAGE = YES_ERROR;
				CLANG_WARN_EMPTY_BODY = YES;
				CLANG_WARN_ENUM_CONVERSION = YES;
				CLANG_WARN_INT_CONVERSION = YES;
				CLANG_WARN_OBJC_ROOT_CLASS = YES_ERROR;
				CLANG_WARN_UNREACHABLE_CODE = YES;
				CLANG_WARN__DUPLICATE_METHOD_MATCH = YES;
				CODE_SIGN_IDENTITY = "iPhone Developer";
				"CODE_SIGN_IDENTITY[sdk=iphoneos*]" = "iPhone Developer";
				COPY_PHASE_STRIP = NO;
				DEBUG_INFORMATION_FORMAT = dwarf;
				ENABLE_STRICT_OBJC_MSGSEND = YES;
				ENABLE_TESTABILITY = YES;
				GCC_C_LANGUAGE_STANDARD = gnu99;
				GCC_DYNAMIC_NO_PIC = NO;
				GCC_NO_COMMON_BLOCKS = YES;
				GCC_OPTIMIZATION_LEVEL = 0;
				GCC_PREPROCESSOR_DEFINITIONS = (
					"DEBUG=1",
					"$(inherited)",
				);
				GCC_WARN_64_TO_32_BIT_CONVERSION = YES;
				GCC_WARN_ABOUT_RETURN_TYPE = YES_ERROR;
				GCC_WARN_UNDECLARED_SELECTOR = YES;
				GCC_WARN_UNINITIALIZED_AUTOS = YES_AGGRESSIVE;
				GCC_WARN_UNUSED_FUNCTION = YES;
				GCC_WARN_UNUSED_VARIABLE = YES;
				IPHONEOS_DEPLOYMENT_TARGET = 9.0;
				MTL_ENABLE_DEBUG_INFO = YES;
				ONLY_ACTIVE_ARCH = YES;
				PROVISIONING_PROFILE = "558d219f-29cd-4540-9cce-a91f0e7ca114";
				SDKROOT = iphoneos;
				SWIFT_OPTIMIZATION_LEVEL = "-Onone";
				TARGETED_DEVICE_FAMILY = "1,2";
			};
			name = Debug;
		};
		FB6CA0AD1BD8378300F8D55B /* Release */ = {
			isa = XCBuildConfiguration;
			buildSettings = {
				ALWAYS_SEARCH_USER_PATHS = NO;
				CLANG_CXX_LANGUAGE_STANDARD = "gnu++0x";
				CLANG_CXX_LIBRARY = "libc++";
				CLANG_ENABLE_MODULES = YES;
				CLANG_ENABLE_OBJC_ARC = YES;
				CLANG_WARN_BOOL_CONVERSION = YES;
				CLANG_WARN_CONSTANT_CONVERSION = YES;
				CLANG_WARN_DIRECT_OBJC_ISA_USAGE = YES_ERROR;
				CLANG_WARN_EMPTY_BODY = YES;
				CLANG_WARN_ENUM_CONVERSION = YES;
				CLANG_WARN_INT_CONVERSION = YES;
				CLANG_WARN_OBJC_ROOT_CLASS = YES_ERROR;
				CLANG_WARN_UNREACHABLE_CODE = YES;
				CLANG_WARN__DUPLICATE_METHOD_MATCH = YES;
				CODE_SIGN_IDENTITY = "iPhone Distribution: Gencorp Technologies, Inc. DBA Credera (3MVGFZ2T29)";
				"CODE_SIGN_IDENTITY[sdk=iphoneos*]" = "iPhone Distribution: Gencorp Technologies, Inc. DBA Credera (3MVGFZ2T29)";
				COPY_PHASE_STRIP = NO;
				DEBUG_INFORMATION_FORMAT = "dwarf-with-dsym";
				ENABLE_NS_ASSERTIONS = NO;
				ENABLE_STRICT_OBJC_MSGSEND = YES;
				GCC_C_LANGUAGE_STANDARD = gnu99;
				GCC_NO_COMMON_BLOCKS = YES;
				GCC_WARN_64_TO_32_BIT_CONVERSION = YES;
				GCC_WARN_ABOUT_RETURN_TYPE = YES_ERROR;
				GCC_WARN_UNDECLARED_SELECTOR = YES;
				GCC_WARN_UNINITIALIZED_AUTOS = YES_AGGRESSIVE;
				GCC_WARN_UNUSED_FUNCTION = YES;
				GCC_WARN_UNUSED_VARIABLE = YES;
				IPHONEOS_DEPLOYMENT_TARGET = 9.0;
				MTL_ENABLE_DEBUG_INFO = NO;
				PROVISIONING_PROFILE = "558d219f-29cd-4540-9cce-a91f0e7ca114";
				SDKROOT = iphoneos;
				TARGETED_DEVICE_FAMILY = "1,2";
				VALIDATE_PRODUCT = YES;
			};
			name = Release;
		};
		FB6CA0AF1BD8378300F8D55B /* Debug */ = {
			isa = XCBuildConfiguration;
			buildSettings = {
				ASSETCATALOG_COMPILER_APPICON_NAME = AppIcon;
				INFOPLIST_FILE = "iOS-CI/Info.plist";
				LD_RUNPATH_SEARCH_PATHS = "$(inherited) @executable_path/Frameworks";
				PRODUCT_BUNDLE_IDENTIFIER = "com.credera.test.iOS-CI";
				PRODUCT_NAME = "$(TARGET_NAME)";
				PROVISIONING_PROFILE = "";
			};
			name = Debug;
		};
		FB6CA0B01BD8378300F8D55B /* Release */ = {
			isa = XCBuildConfiguration;
			buildSettings = {
				ASSETCATALOG_COMPILER_APPICON_NAME = AppIcon;
				CODE_SIGN_IDENTITY = "iPhone Distribution";
				INFOPLIST_FILE = "iOS-CI/Info.plist";
				LD_RUNPATH_SEARCH_PATHS = "$(inherited) @executable_path/Frameworks";
				PRODUCT_BUNDLE_IDENTIFIER = "com.credera.test.iOS-CI";
				PRODUCT_NAME = "$(TARGET_NAME)";
				PROVISIONING_PROFILE = "";
			};
			name = Release;
		};
		FB6CA0B21BD8378300F8D55B /* Debug */ = {
			isa = XCBuildConfiguration;
			buildSettings = {
				BUNDLE_LOADER = "$(TEST_HOST)";
				INFOPLIST_FILE = "iOS-CITests/Info.plist";
				LD_RUNPATH_SEARCH_PATHS = "$(inherited) @executable_path/Frameworks @loader_path/Frameworks";
				PRODUCT_BUNDLE_IDENTIFIER = "com.credera.test.iOS-CITests";
				PRODUCT_NAME = "$(TARGET_NAME)";
				TEST_HOST = "$(BUILT_PRODUCTS_DIR)/iOS-CI.app/iOS-CI";
			};
			name = Debug;
		};
		FB6CA0B31BD8378300F8D55B /* Release */ = {
			isa = XCBuildConfiguration;
			buildSettings = {
				BUNDLE_LOADER = "$(TEST_HOST)";
				INFOPLIST_FILE = "iOS-CITests/Info.plist";
				LD_RUNPATH_SEARCH_PATHS = "$(inherited) @executable_path/Frameworks @loader_path/Frameworks";
				PRODUCT_BUNDLE_IDENTIFIER = "com.credera.test.iOS-CITests";
				PRODUCT_NAME = "$(TARGET_NAME)";
				TEST_HOST = "$(BUILT_PRODUCTS_DIR)/iOS-CI.app/iOS-CI";
			};
			name = Release;
		};
		FB6CA0B51BD8378300F8D55B /* Debug */ = {
			isa = XCBuildConfiguration;
			buildSettings = {
				INFOPLIST_FILE = "iOS-CIUITests/Info.plist";
				LD_RUNPATH_SEARCH_PATHS = "$(inherited) @executable_path/Frameworks @loader_path/Frameworks";
				PRODUCT_BUNDLE_IDENTIFIER = "com.credera.test.iOS-CIUITests";
				PRODUCT_NAME = "$(TARGET_NAME)";
				TEST_TARGET_NAME = "iOS-CI";
				USES_XCTRUNNER = YES;
			};
			name = Debug;
		};
		FB6CA0B61BD8378300F8D55B /* Release */ = {
			isa = XCBuildConfiguration;
			buildSettings = {
				INFOPLIST_FILE = "iOS-CIUITests/Info.plist";
				LD_RUNPATH_SEARCH_PATHS = "$(inherited) @executable_path/Frameworks @loader_path/Frameworks";
				PRODUCT_BUNDLE_IDENTIFIER = "com.credera.test.iOS-CIUITests";
				PRODUCT_NAME = "$(TARGET_NAME)";
				TEST_TARGET_NAME = "iOS-CI";
				USES_XCTRUNNER = YES;
			};
			name = Release;
		};
/* End XCBuildConfiguration section */

/* Begin XCConfigurationList section */
		FB6CA0811BD8378300F8D55B /* Build configuration list for PBXProject "iOS-CI" */ = {
			isa = XCConfigurationList;
			buildConfigurations = (
				FB6CA0AC1BD8378300F8D55B /* Debug */,
				FB6CA0AD1BD8378300F8D55B /* Release */,
			);
			defaultConfigurationIsVisible = 0;
			defaultConfigurationName = Release;
		};
		FB6CA0AE1BD8378300F8D55B /* Build configuration list for PBXNativeTarget "iOS-CI" */ = {
			isa = XCConfigurationList;
			buildConfigurations = (
				FB6CA0AF1BD8378300F8D55B /* Debug */,
				FB6CA0B01BD8378300F8D55B /* Release */,
			);
			defaultConfigurationIsVisible = 0;
			defaultConfigurationName = Release;
		};
		FB6CA0B11BD8378300F8D55B /* Build configuration list for PBXNativeTarget "iOS-CITests" */ = {
			isa = XCConfigurationList;
			buildConfigurations = (
				FB6CA0B21BD8378300F8D55B /* Debug */,
				FB6CA0B31BD8378300F8D55B /* Release */,
			);
			defaultConfigurationIsVisible = 0;
			defaultConfigurationName = Release;
		};
		FB6CA0B41BD8378300F8D55B /* Build configuration list for PBXNativeTarget "iOS-CIUITests" */ = {
			isa = XCConfigurationList;
			buildConfigurations = (
				FB6CA0B51BD8378300F8D55B /* Debug */,
				FB6CA0B61BD8378300F8D55B /* Release */,
			);
			defaultConfigurationIsVisible = 0;
			defaultConfigurationName = Release;
		};
/* End XCConfigurationList section */
	};
	rootObject = FB6CA07E1BD8378300F8D55B /* Project object */;
}
